
Microsoft Visual Studio Solution File, Format Version 12.00
# Visual Studio 15
VisualStudioVersion = 15.0.28307.852
MinimumVisualStudioVersion = 10.0.40219.1
Project("{FAE04EC0-301F-11D3-BF4B-00C04F79EFBC}") = "Encrypt", "Encrypt\Encrypt.csproj", "{5AAE56E7-8DBC-481A-AE22-3C12AFE884D9}"
EndProject
Global
	GlobalSection(SolutionConfigurationPlatforms) = preSolution
		Debug|Any CPU = Debug|Any CPU
		Release|Any CPU = Release|Any CPU
	EndGlobalSection
	GlobalSection(ProjectConfigurationPlatforms) = postSolution
		{5AAE56E7-8DBC-481A-AE22-3C12AFE884D9}.Debug|Any CPU.ActiveCfg = Debug|Any CPU
		{5AAE56E7-8DBC-481A-AE22-3C12AFE884D9}.Debug|Any CPU.Build.0 = Debug|Any CPU
		{5AAE56E7-8DBC-481A-AE22-3C12AFE884D9}.Release|Any CPU.ActiveCfg = Release|Any CPU
		{5AAE56E7-8DBC-481A-AE22-3C12AFE884D9}.Release|Any CPU.Build.0 = Release|Any CPU
	EndGlobalSection
	GlobalSection(SolutionProperties) = preSolution
		HideSolutionNode = FALSE
	EndGlobalSection
	GlobalSection(ExtensibilityGlobals) = postSolution
		SolutionGuid = {C24CAFC6-E32A-4DEB-9C94-B52B5FF1821D}
	EndGlobalSection
EndGlobal
